
Microsoft Visual Studio Solution File, Format Version 12.00
# Visual Studio 15
Project("{FAE04EC0-301F-11D3-BF4B-00C04F79EFBC}") = "Assembly-CSharp", "Assembly-CSharp.csproj", "{2DCC0A7E-2795-FD43-7211-5BBF16FC3DD9}"
EndProject
Project("{FAE04EC0-301F-11D3-BF4B-00C04F79EFBC}") = "AimingRig", "AimingRig.csproj", "{0674504D-A37C-D4CC-597D-8C5FEB234558}"
EndProject
Global
	GlobalSection(SolutionConfigurationPlatforms) = preSolution
		Debug|Any CPU = Debug|Any CPU
		Release|Any CPU = Release|Any CPU
	EndGlobalSection
	GlobalSection(ProjectConfigurationPlatforms) = postSolution
		{2DCC0A7E-2795-FD43-7211-5BBF16FC3DD9}.Debug|Any CPU.ActiveCfg = Debug|Any CPU
		{2DCC0A7E-2795-FD43-7211-5BBF16FC3DD9}.Debug|Any CPU.Build.0 = Debug|Any CPU
		{2DCC0A7E-2795-FD43-7211-5BBF16FC3DD9}.Release|Any CPU.ActiveCfg = Release|Any CPU
		{2DCC0A7E-2795-FD43-7211-5BBF16FC3DD9}.Release|Any CPU.Build.0 = Release|Any CPU
		{0674504D-A37C-D4CC-597D-8C5FEB234558}.Debug|Any CPU.ActiveCfg = Debug|Any CPU
		{0674504D-A37C-D4CC-597D-8C5FEB234558}.Debug|Any CPU.Build.0 = Debug|Any CPU
		{0674504D-A37C-D4CC-597D-8C5FEB234558}.Release|Any CPU.ActiveCfg = Release|Any CPU
		{0674504D-A37C-D4CC-597D-8C5FEB234558}.Release|Any CPU.Build.0 = Release|Any CPU
	EndGlobalSection
	GlobalSection(SolutionProperties) = preSolution
		HideSolutionNode = FALSE
	EndGlobalSection
EndGlobal
